
Microsoft Visual Studio Solution File, Format Version 12.00
# Visual Studio Version 17
VisualStudioVersion = 17.4.33110.190
MinimumVisualStudioVersion = 10.0.40219.1
Project("{9A19103F-16F7-4668-BE54-9A1E7A4F7556}") = "FileManager_1.0", "FileManager_1.0\FileManager_1.0.csproj", "{679CFE43-1D63-4055-AD79-F520CD2F7F39}"
EndProject
Global
	GlobalSection(SolutionConfigurationPlatforms) = preSolution
		Debug|Any CPU = Debug|Any CPU
		Release|Any CPU = Release|Any CPU
	EndGlobalSection
	GlobalSection(ProjectConfigurationPlatforms) = postSolution
		{679CFE43-1D63-4055-AD79-F520CD2F7F39}.Debug|Any CPU.ActiveCfg = Debug|Any CPU
		{679CFE43-1D63-4055-AD79-F520CD2F7F39}.Debug|Any CPU.Build.0 = Debug|Any CPU
		{679CFE43-1D63-4055-AD79-F520CD2F7F39}.Release|Any CPU.ActiveCfg = Release|Any CPU
		{679CFE43-1D63-4055-AD79-F520CD2F7F39}.Release|Any CPU.Build.0 = Release|Any CPU
	EndGlobalSection
	GlobalSection(SolutionProperties) = preSolution
		HideSolutionNode = FALSE
	EndGlobalSection
	GlobalSection(ExtensibilityGlobals) = postSolution
		SolutionGuid = {4880DEB3-F8CC-481A-827F-FF1C2AB90550}
	EndGlobalSection
EndGlobal
